
Microsoft Visual Studio Solution File, Format Version 12.00
# Visual Studio Version 17
VisualStudioVersion = 17.4.33205.214
MinimumVisualStudioVersion = 10.0.40219.1
Project("{FAE04EC0-301F-11D3-BF4B-00C04F79EFBC}") = "B2Broker.Task", "B2Broker.Task\B2Broker.Task.csproj", "{866C71EC-1216-418A-AC23-F909C28215FD}"
EndProject
Global
	GlobalSection(SolutionConfigurationPlatforms) = preSolution
		Debug|Any CPU = Debug|Any CPU
		Release|Any CPU = Release|Any CPU
	EndGlobalSection
	GlobalSection(ProjectConfigurationPlatforms) = postSolution
		{866C71EC-1216-418A-AC23-F909C28215FD}.Debug|Any CPU.ActiveCfg = Debug|Any CPU
		{866C71EC-1216-418A-AC23-F909C28215FD}.Debug|Any CPU.Build.0 = Debug|Any CPU
		{866C71EC-1216-418A-AC23-F909C28215FD}.Release|Any CPU.ActiveCfg = Release|Any CPU
		{866C71EC-1216-418A-AC23-F909C28215FD}.Release|Any CPU.Build.0 = Release|Any CPU
	EndGlobalSection
	GlobalSection(SolutionProperties) = preSolution
		HideSolutionNode = FALSE
	EndGlobalSection
	GlobalSection(ExtensibilityGlobals) = postSolution
		SolutionGuid = {8F9B9E74-4E99-44C2-A838-ADD7281F0CC5}
	EndGlobalSection
EndGlobal
